{
  "name": "ipip-neo-scorer",
  "version": "1.0.0",
  "lockfileVersion": 1,
  "requires": true,
  "dependencies": {
    "@alheimsins/b5-johnson-120-ipip-neo-pi-r": {
      "version": "2.1.5",
      "resolved": "https://registry.npmjs.org/@alheimsins/b5-johnson-120-ipip-neo-pi-r/-/b5-johnson-120-ipip-neo-pi-r-2.1.5.tgz",
      "integrity": "sha512-dzkjtHJsmLIrENmCEhHQQrFUmwIjYICk/rX2gh38ZlQ34+3KNkiUx+ZijfMA/pJ3lB+5eUJalupDAfsZ0hNwmA==",
      "requires": {
        "knuth-shuffle": "1.0.8"
      }
    },
    "@alheimsins/b5-result-text": {
      "version": "1.7.1",
      "resolved": "https://registry.npmjs.org/@alheimsins/b5-result-text/-/b5-result-text-1.7.1.tgz",
      "integrity": "sha512-SHA2dg5csoFqY61xEbLqWsBAJ+oKepw9xR9yT3z/qyZcTX63v+ELZqq7/qgXAlGyMI5z6s3EJOsV2yuexEqfRQ=="
    },
    "b5-calculate-score": {
      "version": "1.0.4",
      "resolved": "https://registry.npmjs.org/b5-calculate-score/-/b5-calculate-score-1.0.4.tgz",
      "integrity": "sha512-O9XhnMJnBH6TQP1CsPnyys0wNEy4LUGyhPIWZrMAFRJITcbjvsq6phrYBQ06lKm0RIM/01vAeiBcp+t2C51P+g=="
    },
    "commander": {
      "version": "2.20.0",
      "resolved": "https://registry.npmjs.org/commander/-/commander-2.20.0.tgz",
      "integrity": "sha512-7j2y+40w61zy6YC2iRNpUe/NwhNyoXrYpHMrSunaMG64nRnaf96zO/KMQR4OyN/UnE5KLyEBnKHd4aG3rskjpQ=="
    },
    "knuth-shuffle": {
      "version": "1.0.8",
      "resolved": "https://registry.npmjs.org/knuth-shuffle/-/knuth-shuffle-1.0.8.tgz",
      "integrity": "sha512-IdC4Hpp+mx53zTt6VAGsAtbGM0g4BV9fP8tTcviCosSwocHcRDw9uG5Rnv6wLWckF4r72qeXFoK9NkvV1gUJCQ=="
    }
  }
}
