{
  "name": "ipip-neo-scorer",
  "version": "1.0.0",
  "lockfileVersion": 1,
  "requires": true,
  "dependencies": {
    "@alheimsins/b5-johnson-120-ipip-neo-pi-r": {
      "version": "2.1.5",
      "resolved": "https://registry.npmjs.org/@alheimsins/b5-johnson-120-ipip-neo-pi-r/-/b5-johnson-120-ipip-neo-pi-r-2.1.5.tgz",
      "integrity": "sha512-dzkjtHJsmLIrENmCEhHQQrFUmwIjYICk/rX2gh38ZlQ34+3KNkiUx+ZijfMA/pJ3lB+5eUJalupDAfsZ0hNwmA==",
      "requires": {
        "knuth-shuffle": "1.0.8"
      }
    },
    "@alheimsins/b5-result-text": {
      "version": "1.7.1",
      "resolved": "https://registry.npmjs.org/@alheimsins/b5-result-text/-/b5-result-text-1.7.1.tgz",
      "integrity": "sha512-SHA2dg5csoFqY61xEbLqWsBAJ+oKepw9xR9yT3z/qyZcTX63v+ELZqq7/qgXAlGyMI5z6s3EJOsV2yuexEqfRQ=="
    },
    "knuth-shuffle": {
      "version": "1.0.8",
      "resolved": "https://registry.npmjs.org/knuth-shuffle/-/knuth-shuffle-1.0.8.tgz",
      "integrity": "sha512-IdC4Hpp+mx53zTt6VAGsAtbGM0g4BV9fP8tTcviCosSwocHcRDw9uG5Rnv6wLWckF4r72qeXFoK9NkvV1gUJCQ=="
    },
    "readline-sync": {
      "version": "1.4.9",
      "resolved": "https://registry.npmjs.org/readline-sync/-/readline-sync-1.4.9.tgz",
      "integrity": "sha1-PtqOZfI80qF+YTAbHwADOWr17No="
    }
  }
}
